
Microsoft Visual Studio Solution File, Format Version 12.00
# Visual Studio Version 16
VisualStudioVersion = 16.0.30128.74
MinimumVisualStudioVersion = 10.0.40219.1
Project("{FAE04EC0-301F-11D3-BF4B-00C04F79EFBC}") = "LuancherFivemcode", "LuancherFivemcode\LuancherFivemcode.csproj", "{8C54E5C1-4DE1-468D-AD57-D0997F5EEDAF}"
EndProject
Global
	GlobalSection(SolutionConfigurationPlatforms) = preSolution
		Debug|Any CPU = Debug|Any CPU
		Release|Any CPU = Release|Any CPU
	EndGlobalSection
	GlobalSection(ProjectConfigurationPlatforms) = postSolution
		{8C54E5C1-4DE1-468D-AD57-D0997F5EEDAF}.Debug|Any CPU.ActiveCfg = Debug|Any CPU
		{8C54E5C1-4DE1-468D-AD57-D0997F5EEDAF}.Debug|Any CPU.Build.0 = Debug|Any CPU
		{8C54E5C1-4DE1-468D-AD57-D0997F5EEDAF}.Release|Any CPU.ActiveCfg = Release|Any CPU
		{8C54E5C1-4DE1-468D-AD57-D0997F5EEDAF}.Release|Any CPU.Build.0 = Release|Any CPU
	EndGlobalSection
	GlobalSection(SolutionProperties) = preSolution
		HideSolutionNode = FALSE
	EndGlobalSection
	GlobalSection(ExtensibilityGlobals) = postSolution
		SolutionGuid = {E8409BBD-CFB5-41A2-82AE-A6E3C9D58D1C}
	EndGlobalSection
EndGlobal
